<?xml version="1.0" encoding="utf-8"?>
<Project ToolsVersion="4.0" xmlns="http://schemas.microsoft.com/developer/msbuild/2003">
  <ItemGroup>
    <Filter Include="Source Files">
      <UniqueIdentifier>{bd4ffd5e-c8da-49e2-aa74-8768684d6e45}</UniqueIdentifier>
      <Extensions>cpp;c;cxx;rc;def;r;odl;hpj;bat;for;f90</Extensions>
    </Filter>
    <Filter Include="Header Files">
      <UniqueIdentifier>{c742deae-67a0-46b9-af1a-e288e22cb38e}</UniqueIdentifier>
      <Extensions>h;hpp;hxx;hm;inl;fi;fd</Extensions>
    </Filter>
    <Filter Include="Resource Files">
      <UniqueIdentifier>{1fe44648-8bf2-4e81-aa0a-c1fbec80b69d}</UniqueIdentifier>
      <Extensions>ico;cur;bmp;dlg;rc2;rct;bin;cnt;rtf;gif;jpg;jpeg;jpe</Extensions>
    </Filter>
  </ItemGroup>
  <ItemGroup>
    <ClCompile Include="darray.c">
      <Filter>Source Files</Filter>
    </ClCompile>
    <ClCompile Include="e_arena.c">
      <Filter>Source Files</Filter>
    </ClCompile>
    <ClCompile Include="e_ftrack.c">
      <Filter>Source Files</Filter>
    </ClCompile>
    <ClCompile Include="e_game.c">
      <Filter>Source Files</Filter>
    </ClCompile>
    <ClCompile Include="e_gbstat.c">
      <Filter>Source Files</Filter>
    </ClCompile>
    <ClCompile Include="e_grapple.c">
      <Filter>Source Files</Filter>
    </ClCompile>
    <ClCompile Include="e_id.c">
      <Filter>Source Files</Filter>
    </ClCompile>
    <ClCompile Include="e_matrix.c">
      <Filter>Source Files</Filter>
    </ClCompile>
    <ClCompile Include="e_motd.c">
      <Filter>Source Files</Filter>
    </ClCompile>
    <ClCompile Include="e_obit.c">
      <Filter>Source Files</Filter>
    </ClCompile>
    <ClCompile Include="e_overlay.c">
      <Filter>Source Files</Filter>
    </ClCompile>
    <ClCompile Include="e_team.c">
      <Filter>Source Files</Filter>
    </ClCompile>
    <ClCompile Include="e_util.c">
      <Filter>Source Files</Filter>
    </ClCompile>
    <ClCompile Include="g_ai.c">
      <Filter>Source Files</Filter>
    </ClCompile>
    <ClCompile Include="g_cmds.c">
      <Filter>Source Files</Filter>
    </ClCompile>
    <ClCompile Include="g_combat.c">
      <Filter>Source Files</Filter>
    </ClCompile>
    <ClCompile Include="g_ctf.c">
      <Filter>Source Files</Filter>
    </ClCompile>
    <ClCompile Include="g_func.c">
      <Filter>Source Files</Filter>
    </ClCompile>
    <ClCompile Include="g_items.c">
      <Filter>Source Files</Filter>
    </ClCompile>
    <ClCompile Include="g_main.c">
      <Filter>Source Files</Filter>
    </ClCompile>
    <ClCompile Include="g_misc.c">
      <Filter>Source Files</Filter>
    </ClCompile>
    <ClCompile Include="g_monster.c">
      <Filter>Source Files</Filter>
    </ClCompile>
    <ClCompile Include="g_observe.c">
      <Filter>Source Files</Filter>
    </ClCompile>
    <ClCompile Include="g_pakread.c">
      <Filter>Source Files</Filter>
    </ClCompile>
    <ClCompile Include="g_phys.c">
      <Filter>Source Files</Filter>
    </ClCompile>
    <ClCompile Include="g_save.c">
      <Filter>Source Files</Filter>
    </ClCompile>
    <ClCompile Include="g_spawn.c">
      <Filter>Source Files</Filter>
    </ClCompile>
    <ClCompile Include="g_svcmds.c">
      <Filter>Source Files</Filter>
    </ClCompile>
    <ClCompile Include="g_target.c">
      <Filter>Source Files</Filter>
    </ClCompile>
    <ClCompile Include="g_trigger.c">
      <Filter>Source Files</Filter>
    </ClCompile>
    <ClCompile Include="g_utils.c">
      <Filter>Source Files</Filter>
    </ClCompile>
    <ClCompile Include="g_weapon.c">
      <Filter>Source Files</Filter>
    </ClCompile>
    <ClCompile Include="list.c">
      <Filter>Source Files</Filter>
    </ClCompile>
    <ClCompile Include="m_move.c">
      <Filter>Source Files</Filter>
    </ClCompile>
    <ClCompile Include="p_client.c">
      <Filter>Source Files</Filter>
    </ClCompile>
    <ClCompile Include="p_hud.c">
      <Filter>Source Files</Filter>
    </ClCompile>
    <ClCompile Include="p_menu.c">
      <Filter>Source Files</Filter>
    </ClCompile>
    <ClCompile Include="p_trail.c">
      <Filter>Source Files</Filter>
    </ClCompile>
    <ClCompile Include="p_view.c">
      <Filter>Source Files</Filter>
    </ClCompile>
    <ClCompile Include="p_weapon.c">
      <Filter>Source Files</Filter>
    </ClCompile>
    <ClCompile Include="props.c">
      <Filter>Source Files</Filter>
    </ClCompile>
    <ClCompile Include="q_shared.c">
      <Filter>Source Files</Filter>
    </ClCompile>
    <ClCompile Include="warp.c">
      <Filter>Source Files</Filter>
    </ClCompile>
  </ItemGroup>
  <ItemGroup>
    <ClInclude Include="darray.h">
      <Filter>Header Files</Filter>
    </ClInclude>
    <ClInclude Include="e_arena.h">
      <Filter>Header Files</Filter>
    </ClInclude>
    <ClInclude Include="e_defs.h">
      <Filter>Header Files</Filter>
    </ClInclude>
    <ClInclude Include="e_ftrack.h">
      <Filter>Header Files</Filter>
    </ClInclude>
    <ClInclude Include="e_gbstat.h">
      <Filter>Header Files</Filter>
    </ClInclude>
    <ClInclude Include="e_grapple.h">
      <Filter>Header Files</Filter>
    </ClInclude>
    <ClInclude Include="e_iovr.h">
      <Filter>Header Files</Filter>
    </ClInclude>
    <ClInclude Include="e_matrix.h">
      <Filter>Header Files</Filter>
    </ClInclude>
    <ClInclude Include="e_obit.h">
      <Filter>Header Files</Filter>
    </ClInclude>
    <ClInclude Include="e_overlay.h">
      <Filter>Header Files</Filter>
    </ClInclude>
    <ClInclude Include="e_team.h">
      <Filter>Header Files</Filter>
    </ClInclude>
    <ClInclude Include="e_util.h">
      <Filter>Header Files</Filter>
    </ClInclude>
    <ClInclude Include="g_ctf.h">
      <Filter>Header Files</Filter>
    </ClInclude>
    <ClInclude Include="g_local.h">
      <Filter>Header Files</Filter>
    </ClInclude>
    <ClInclude Include="g_observe.h">
      <Filter>Header Files</Filter>
    </ClInclude>
    <ClInclude Include="g_pakread.h">
      <Filter>Header Files</Filter>
    </ClInclude>
    <ClInclude Include="game.h">
      <Filter>Header Files</Filter>
    </ClInclude>
    <ClInclude Include="list.h">
      <Filter>Header Files</Filter>
    </ClInclude>
    <ClInclude Include="m_player.h">
      <Filter>Header Files</Filter>
    </ClInclude>
    <ClInclude Include="p_menu.h">
      <Filter>Header Files</Filter>
    </ClInclude>
    <ClInclude Include="props.h">
      <Filter>Header Files</Filter>
    </ClInclude>
    <ClInclude Include="q_shared.h">
      <Filter>Header Files</Filter>
    </ClInclude>
    <ClInclude Include="warp.h">
      <Filter>Header Files</Filter>
    </ClInclude>
  </ItemGroup>
  <ItemGroup>
    <CustomBuild Include="game.def">
      <Filter>Resource Files</Filter>
    </CustomBuild>
  </ItemGroup>
</Project>